version = 1
revision = 3
requires-python = ">=3.12"

[[package]]
name = "anyio"
version = "4.12.1"
source = { registry = "https://pypi.org/simple" }
dependencies = [
    { name = "idna" },
    { name = "typing-extensions", marker = "python_full_version < '3.13'" },
]
sdist = { url = "https://files.pythonhosted.org/packages/96/f0/5eb65b2bb0d09ac6776f2eb54adee6abe8228ea05b20a5ad0e4945de8aac/anyio-4.12.1.tar.gz", hash = "sha256:41cfcc3a4c85d3f05c932da7c26d0201ac36f72abd4435ba90d0464a3ffed703", size = 228685, upload-time = "2026-01-06T11:45:21.246Z" }
wheels = [
    { url = "https://files.pythonhosted.org/packages/38/0e/27be9fdef66e72d64c0cdc3cc2823101b80585f8119b5c112c2e8f5f7dab/anyio-4.12.1-py3-none-any.whl", hash = "sha256:d405828884fc140aa80a3c667b8beed277f1dfedec42ba031bd6ac3db606ab6c", size = 113592, upload-time = "2026-01-06T11:45:19.497Z" },
]

[[package]]
name = "certifi"
version = "2026.1.4"
source = { registry = "https://pypi.org/simple" }
sdist = { url = "https://files.pythonhosted.org/packages/e0/2d/a891ca51311197f6ad14a7ef42e2399f36cf2f9bd44752b3dc4eab60fdc5/certifi-2026.1.4.tar.gz", hash = "sha256:ac726dd470482006e014ad384921ed6438c457018f4b3d204aea4281258b2120", size = 154268, upload-time = "2026-01-04T02:42:41.825Z" }
wheels = [
    { url = "https://files.pythonhosted.org/packages/e6/ad/3cc14f097111b4de0040c83a525973216457bbeeb63739ef1ed275c1c021/certifi-2026.1.4-py3-none-any.whl", hash = "sha256:9943707519e4add1115f44c2bc244f782c0249876bf51b6599fee1ffbedd685c", size = 152900, upload-time = "2026-01-04T02:42:40.15Z" },
]

[[package]]
name = "confluent-kafka"
version = "2.13.0"
source = { registry = "https://pypi.org/simple" }
sdist = { url = "https://files.pythonhosted.org/packages/b4/d0/1f5055331fa660225de6829b143e6f083913f0a96481134a91390bad62c1/confluent_kafka-2.13.0.tar.gz", hash = "sha256:eff7a4391a9e6d4a33f0c05d0935b200a7463834f1f5d6e6253be318f910babd", size = 273621, upload-time = "2026-01-05T10:25:08.078Z" }
wheels = [
    { url = "https://files.pythonhosted.org/packages/e9/cc/6bf9e5b3ee4bfdb39d3fcc7efabc9f577aa51e9e20139adc8d10e61593a5/confluent_kafka-2.13.0-cp312-cp312-macosx_10_9_x86_64.whl", hash = "sha256:a69263f22a8c53c7d55067e7795ed49d22c374b9473df91982816a0448e6d242", size = 3631367, upload-time = "2026-01-05T10:23:48.076Z" },
    { url = "https://files.pythonhosted.org/packages/10/3d/c299df69885be6fdfc8b105b8106b2b4c73c745fa608cf579eb7e14a3da9/confluent_kafka-2.13.0-cp312-cp312-macosx_11_0_arm64.whl", hash = "sha256:0945c7f529e66a18aa19135aa18bfdc239ca6c0f6df6ca9b05a793d9b76c1c4b", size = 3191073, upload-time = "2026-01-05T10:23:49.967Z" },
    { url = "https://files.pythonhosted.org/packages/82/2e/854aedcd9c9042491c1fcafaadc03a3b0e357ddc23044781d02920b46ea2/confluent_kafka-2.13.0-cp312-cp312-manylinux_2_28_aarch64.whl", hash = "sha256:321037a64c02acb13b5bde193b461c0514dca236a9f5236c847a3240313c297f", size = 3720530, upload-time = "2026-01-05T10:23:51.957Z" },
    { url = "https://files.pythonhosted.org/packages/1d/4a/210f0e1f8e77956ed1296c8b9bac2093413c1669ea0e923f590f2827aa1a/confluent_kafka-2.13.0-cp312-cp312-manylinux_2_28_x86_64.whl", hash = "sha256:d7a71ca8fd42d3eefa22eb202e7fc8a419e0fd4e3b59862918c21f4d1074f0c5", size = 3977296, upload-time = "2026-01-05T10:23:56.743Z" },
    { url = "https://files.pythonhosted.org/packages/b0/bc/d51f48200bb7bec521289c0b70691ea73f91aa76529b1bff807bcbf89b12/confluent_kafka-2.13.0-cp312-cp312-win_amd64.whl", hash = "sha256:37dddb1b92829b8862bc4fbce07789a79b73aa31eca413f3db187721a09975ff", size = 4093802, upload-time = "2026-01-05T10:23:58.703Z" },
    { url = "https://files.pythonhosted.org/packages/77/bd/c2ab440b4c4847a37b21e9623bbeaf17982ca45595ad62b8435a26d680f7/confluent_kafka-2.13.0-cp313-cp313-macosx_13_0_arm64.whl", hash = "sha256:0af90b3c566786017a01693da0ec4a876ca14cf37bc6164872652a6cf2702453", size = 3195849, upload-time = "2026-01-05T10:24:00.854Z" },
    { url = "https://files.pythonhosted.org/packages/6a/40/a25a5895cf522bada81fc7ba6c0ad29219843206ede4e8d2138b7b095652/confluent_kafka-2.13.0-cp313-cp313-macosx_13_0_x86_64.whl", hash = "sha256:f25d05604dd92e9de72707582dded53aeb4737ef2e2c097a3ca08650200fc446", size = 3634806, upload-time = "2026-01-05T10:24:05.496Z" },
    { url = "https://files.pythonhosted.org/packages/fd/46/db30d27184ac8fb673ca469d576ef582def0b613a69456631734f7a5e267/confluent_kafka-2.13.0-cp313-cp313-manylinux_2_28_aarch64.whl", hash = "sha256:74ddf5ec7fa6058221a619c850f44bdbe8d969d7ed6efe8abdc857d2e233df20", size = 3720848, upload-time = "2026-01-05T10:24:07.831Z" },
    { url = "https://files.pythonhosted.org/packages/fc/f8/5b940a080ab71fc3c585839eae0c26341a749a7ebc001fca0276aff9df40/confluent_kafka-2.13.0-cp313-cp313-manylinux_2_28_x86_64.whl", hash = "sha256:f8d1d00397f3f32a1bcf4604d4164bf75838bd009e1e28282a7ae25e16814ea4", size = 3977677, upload-time = "2026-01-05T10:24:09.988Z" },
    { url = "https://files.pythonhosted.org/packages/e1/cf/f9f979c08cfe1b8fd9203b329fc5c8c410e948f01272434bc1ce0c6334a5/confluent_kafka-2.13.0-cp313-cp313-win_amd64.whl", hash = "sha256:9d1fd035e2c47c4db5fe9b0f59a28fe2f2f1012887290dd0ea7d46741f686e99", size = 4153481, upload-time = "2026-01-05T10:24:12.167Z" },
    { url = "https://files.pythonhosted.org/packages/06/3f/c2120c002f85c5401d8ea29558acf041ad968b33cfca83916a7c0a740d53/confluent_kafka-2.13.0-cp314-cp314-macosx_13_0_arm64.whl", hash = "sha256:d448537147a33dd8c17656732989ddfe1d4a25a40bcb5f59bc63dc0a5041dd83", size = 3195696, upload-time = "2026-01-05T10:24:14.422Z" },
    { url = "https://files.pythonhosted.org/packages/35/b9/da4ef8fca4cbc76b6040a97a92085c09c0f23c42424989a2d68cec42c8d6/confluent_kafka-2.13.0-cp314-cp314-macosx_13_0_x86_64.whl", hash = "sha256:1325585f9fc283c32c30df4226178dc89cf43d00f5c240e1f77ddedc94573690", size = 3634632, upload-time = "2026-01-05T10:24:16.575Z" },
    { url = "https://files.pythonhosted.org/packages/09/ed/c7d5cc3c57aec126ffb12ffa5f4584acd264446a4117db3ad2dd69e47afe/confluent_kafka-2.13.0-cp314-cp314-manylinux_2_28_aarch64.whl", hash = "sha256:266bbea18ce99f6e77ce0e9a118f353447c8705792ef5745eabcc5c6db08794a", size = 3720650, upload-time = "2026-01-05T10:24:18.657Z" },
    { url = "https://files.pythonhosted.org/packages/c3/2b/0a93b63a46b2ceaac3de92d494e32aab21bec398b40ac89108bbaa6894c3/confluent_kafka-2.13.0-cp314-cp314-manylinux_2_28_x86_64.whl", hash = "sha256:7a373a1a3dd8e02dd218946583e951791480921fd777faeaf601c2834e2a6c0d", size = 3977364, upload-time = "2026-01-05T10:24:23.677Z" },
    { url = "https://files.pythonhosted.org/packages/46/00/80ea6872421c4e30e033e035e5bdcf44c054993d5721623841c59b5f04c1/confluent_kafka-2.13.0-cp314-cp314-win_amd64.whl", hash = "sha256:da956b2141d9f425dbfc3cf1c244ef6d0633b83fc5ceada6f496099258e63a68", size = 4271874, upload-time = "2026-01-05T10:24:26.265Z" },
    { url = "https://files.pythonhosted.org/packages/fc/1a/e6fe016bea63343010f485a1ecebfdc00d9b6e95ef6fe52a1d7793c0339c/confluent_kafka-2.13.0-cp314-cp314t-macosx_13_0_arm64.whl", hash = "sha256:fa354e9fb95e26545decd429477072ea3a98a2e7acac11d09156772e06f14680", size = 3194480, upload-time = "2026-01-05T10:24:28.515Z" },
    { url = "https://files.pythonhosted.org/packages/fb/54/c9668f214f2e736e51e2874053fe1ebcb8784425fefcfd6fd0d384dc5dcf/confluent_kafka-2.13.0-cp314-cp314t-macosx_13_0_x86_64.whl", hash = "sha256:e256dc3a993bf5fde0fa4a1b6a5b72e3521cedbc9dc4d7a65f159afa4b72e5b4", size = 3632866, upload-time = "2026-01-05T10:24:30.689Z" },
    { url = "https://files.pythonhosted.org/packages/13/f5/83e989962077003d91ba249158c7a1e21696604c301b3680fcbb427005d0/confluent_kafka-2.13.0-cp314-cp314t-manylinux_2_28_aarch64.whl", hash = "sha256:eb7988038b7f13ea490af93b9165ed40a3f385fb91e99ce8dacee8890e36e48a", size = 3718956, upload-time = "2026-01-05T10:24:33.035Z" },
    { url = "https://files.pythonhosted.org/packages/b8/84/1aaa5cfe1695f02d11e02ef39f180567780348b1f3e1161575f002a207fe/confluent_kafka-2.13.0-cp314-cp314t-manylinux_2_28_x86_64.whl", hash = "sha256:cfd8f011b0b0a109f8747312dba6cee45b39fb53fc7d53f28813bce84a91228d", size = 3976235, upload-time = "2026-01-05T10:24:35.122Z" },
]

[[package]]
name = "elastic-transport"
version = "9.2.1"
source = { registry = "https://pypi.org/simple" }
dependencies = [
    { name = "certifi" },
    { name = "sniffio" },
    { name = "urllib3" },
]
sdist = { url = "https://files.pythonhosted.org/packages/23/0a/a92140b666afdcb9862a16e4d80873b3c887c1b7e3f17e945fc3460edf1b/elastic_transport-9.2.1.tar.gz", hash = "sha256:97d9abd638ba8aa90faa4ca1bf1a18bde0fe2088fbc8757f2eb7b299f205773d", size = 77403, upload-time = "2025-12-23T11:54:12.849Z" }
wheels = [
    { url = "https://files.pythonhosted.org/packages/2c/e6/a42b600ae8b808371f740381f6c32050cad93f870d36cc697b8b7006bf7c/elastic_transport-9.2.1-py3-none-any.whl", hash = "sha256:39e1a25e486af34ce7aa1bc9005d1c736f1b6fb04c9b64ea0604ded5a61fc1d4", size = 65327, upload-time = "2025-12-23T11:54:11.681Z" },
]

[[package]]
name = "elasticsearch"
version = "9.2.1"
source = { registry = "https://pypi.org/simple" }
dependencies = [
    { name = "anyio" },
    { name = "elastic-transport" },
    { name = "python-dateutil" },
    { name = "sniffio" },
    { name = "typing-extensions" },
]
sdist = { url = "https://files.pythonhosted.org/packages/bc/6c/67bb17ca0035b0cac4cfbbe64e18d120203fef22da66dd4c636563a0ea63/elasticsearch-9.2.1.tar.gz", hash = "sha256:97f473418e8976611349757287ac982acf12f4e305182863d985d5a031c36830", size = 878062, upload-time = "2025-12-23T14:37:31.694Z" }
wheels = [
    { url = "https://files.pythonhosted.org/packages/c0/d5/84264c29ec67f2f8129676ce11f05defb52f44e97e5f411db9a220f2aa43/elasticsearch-9.2.1-py3-none-any.whl", hash = "sha256:8665f5a0b4d29a7c2772851c05ea8a09279abb7928b7d727524613bd61d75958", size = 963593, upload-time = "2025-12-23T14:37:28.047Z" },
]

[[package]]
name = "idna"
version = "3.11"
source = { registry = "https://pypi.org/simple" }
sdist = { url = "https://files.pythonhosted.org/packages/6f/6d/0703ccc57f3a7233505399edb88de3cbd678da106337b9fcde432b65ed60/idna-3.11.tar.gz", hash = "sha256:795dafcc9c04ed0c1fb032c2aa73654d8e8c5023a7df64a53f39190ada629902", size = 194582, upload-time = "2025-10-12T14:55:20.501Z" }
wheels = [
    { url = "https://files.pythonhosted.org/packages/0e/61/66938bbb5fc52dbdf84594873d5b51fb1f7c7794e9c0f5bd885f30bc507b/idna-3.11-py3-none-any.whl", hash = "sha256:771a87f49d9defaf64091e6e6fe9c18d4833f140bd19464795bc32d966ca37ea", size = 71008, upload-time = "2025-10-12T14:55:18.883Z" },
]

[[package]]
name = "python-dateutil"
version = "2.9.0.post0"
source = { registry = "https://pypi.org/simple" }
dependencies = [
    { name = "six" },
]
sdist = { url = "https://files.pythonhosted.org/packages/66/c0/0c8b6ad9f17a802ee498c46e004a0eb49bc148f2fd230864601a86dcf6db/python-dateutil-2.9.0.post0.tar.gz", hash = "sha256:37dd54208da7e1cd875388217d5e00ebd4179249f90fb72437e91a35459a0ad3", size = 342432, upload-time = "2024-03-01T18:36:20.211Z" }
wheels = [
    { url = "https://files.pythonhosted.org/packages/ec/57/56b9bcc3c9c6a792fcbaf139543cee77261f3651ca9da0c93f5c1221264b/python_dateutil-2.9.0.post0-py2.py3-none-any.whl", hash = "sha256:a8b2bc7bffae282281c8140a97d3aa9c14da0b136dfe83f850eea9a5f7470427", size = 229892, upload-time = "2024-03-01T18:36:18.57Z" },
]

[[package]]
name = "six"
version = "1.17.0"
source = { registry = "https://pypi.org/simple" }
sdist = { url = "https://files.pythonhosted.org/packages/94/e7/b2c673351809dca68a0e064b6af791aa332cf192da575fd474ed7d6f16a2/six-1.17.0.tar.gz", hash = "sha256:ff70335d468e7eb6ec65b95b99d3a2836546063f63acc5171de367e834932a81", size = 34031, upload-time = "2024-12-04T17:35:28.174Z" }
wheels = [
    { url = "https://files.pythonhosted.org/packages/b7/ce/149a00dd41f10bc29e5921b496af8b574d8413afcd5e30dfa0ed46c2cc5e/six-1.17.0-py2.py3-none-any.whl", hash = "sha256:4721f391ed90541fddacab5acf947aa0d3dc7d27b2e1e8eda2be8970586c3274", size = 11050, upload-time = "2024-12-04T17:35:26.475Z" },
]

[[package]]
name = "sniffio"
version = "1.3.1"
source = { registry = "https://pypi.org/simple" }
sdist = { url = "https://files.pythonhosted.org/packages/a2/87/a6771e1546d97e7e041b6ae58d80074f81b7d5121207425c964ddf5cfdbd/sniffio-1.3.1.tar.gz", hash = "sha256:f4324edc670a0f49750a81b895f35c3adb843cca46f0530f79fc1babb23789dc", size = 20372, upload-time = "2024-02-25T23:20:04.057Z" }
wheels = [
    { url = "https://files.pythonhosted.org/packages/e9/44/75a9c9421471a6c4805dbf2356f7c181a29c1879239abab1ea2cc8f38b40/sniffio-1.3.1-py3-none-any.whl", hash = "sha256:2f6da418d1f1e0fddd844478f41680e794e6051915791a034ff65e5f100525a2", size = 10235, upload-time = "2024-02-25T23:20:01.196Z" },
]

[[package]]
name = "taxi"
version = "0.1.0"
source = { virtual = "." }
dependencies = [
    { name = "confluent-kafka" },
    { name = "elasticsearch" },
]

[package.metadata]
requires-dist = [
    { name = "confluent-kafka", specifier = ">=2.13.0" },
    { name = "elasticsearch", specifier = ">=9.2.1" },
]

[[package]]
name = "typing-extensions"
version = "4.15.0"
source = { registry = "https://pypi.org/simple" }
sdist = { url = "https://files.pythonhosted.org/packages/72/94/1a15dd82efb362ac84269196e94cf00f187f7ed21c242792a923cdb1c61f/typing_extensions-4.15.0.tar.gz", hash = "sha256:0cea48d173cc12fa28ecabc3b837ea3cf6f38c6d1136f85cbaaf598984861466", size = 109391, upload-time = "2025-08-25T13:49:26.313Z" }
wheels = [
    { url = "https://files.pythonhosted.org/packages/18/67/36e9267722cc04a6b9f15c7f3441c2363321a3ea07da7ae0c0707beb2a9c/typing_extensions-4.15.0-py3-none-any.whl", hash = "sha256:f0fa19c6845758ab08074a0cfa8b7aecb71c999ca73d62883bc25cc018c4e548", size = 44614, upload-time = "2025-08-25T13:49:24.86Z" },
]

[[package]]
name = "urllib3"
version = "2.6.3"
source = { registry = "https://pypi.org/simple" }
sdist = { url = "https://files.pythonhosted.org/packages/c7/24/5f1b3bdffd70275f6661c76461e25f024d5a38a46f04aaca912426a2b1d3/urllib3-2.6.3.tar.gz", hash = "sha256:1b62b6884944a57dbe321509ab94fd4d3b307075e0c2eae991ac71ee15ad38ed", size = 435556, upload-time = "2026-01-07T16:24:43.925Z" }
wheels = [
    { url = "https://files.pythonhosted.org/packages/39/08/aaaad47bc4e9dc8c725e68f9d04865dbcb2052843ff09c97b08904852d84/urllib3-2.6.3-py3-none-any.whl", hash = "sha256:bf272323e553dfb2e87d9bfd225ca7b0f467b919d7bbd355436d3fd37cb0acd4", size = 131584, upload-time = "2026-01-07T16:24:42.685Z" },
]
